{
  "name": "reactive",
  "version": "1.0.0",
  "lockfileVersion": 1,
  "requires": true,
  "dependencies": {
    "jquery": {
      "version": "3.3.1",
      "resolved": "https://registry.npmjs.org/jquery/-/jquery-3.3.1.tgz",
      "integrity": "sha512-Ubldcmxp5np52/ENotGxlLe6aGMvmF4R8S6tZjsP6Knsaxd/xp3Zrh50cG93lR6nPXyUFwzN3ZSOQI0wRJNdGg=="
    },
    "rx": {
      "version": "3.1.2",
      "resolved": "https://registry.npmjs.org/rx/-/rx-3.1.2.tgz",
      "integrity": "sha1-T72Nliz6ZpctcZk8WIyn6/SHNKA="
    }
  }
}
